<?xml version="1.0"?>
<plist version="1.0">
	<dict>
		<key>archiveVersion</key>
		<string>1</string>
		<key>classes</key>
		<dict />
		<key>objectVersion</key>
		<string>46</string>
		<key>objects</key>
		<dict>
			<key>5A4349E9754D6FA14C0F2A3A</key>
			<dict>
				<key>fileRef</key>
				<string>FC5DA1C87211D4F6377DA719</string>
				<key>isa</key>
				<string>PBXBuildFile</string>
			</dict>
			<key>FC5DA1C87211D4F6377DA719</key>
			<dict>
				<key>explicitFileType</key>
				<string>sourcecode.cpp.cpp</string>
				<key>fileEncoding</key>
				<string>30</string>
				<key>isa</key>
				<string>PBXFileReference</string>
				<key>name</key>
				<string>tinyxmlparser.cpp</string>
				<key>path</key>
				<string>../../../addons/ofxXmlSettings/libs/tinyxmlparser.cpp</string>
				<key>sourceTree</key>
				<string>SOURCE_ROOT</string>
			</dict>
			<key>9D44DC88EF9E7991B4A09951</key>
			<dict>
				<key>fileRef</key>
				<string>832BDC407620CDBA568B713D</string>
				<key>isa</key>
				<string>PBXBuildFile</string>
			</dict>
			<key>832BDC407620CDBA568B713D</key>
			<dict>
				<key>explicitFileType</key>
				<string>sourcecode.cpp.cpp</string>
				<key>fileEncoding</key>
				<string>30</string>
				<key>isa</key>
				<string>PBXFileReference</string>
				<key>name</key>
				<string>tinyxmlerror.cpp</string>
				<key>path</key>
				<string>../../../addons/ofxXmlSettings/libs/tinyxmlerror.cpp</string>
				<key>sourceTree</key>
				<string>SOURCE_ROOT</string>
			</dict>
			<key>B21E7E5F548EEA92F368040B</key>
			<dict>
				<key>explicitFileType</key>
				<string>sourcecode.c.h</string>
				<key>fileEncoding</key>
				<string>30</string>
				<key>isa</key>
				<string>PBXFileReference</string>
				<key>name</key>
				<string>tinyxml.h</string>
				<key>path</key>
				<string>../../../addons/ofxXmlSettings/libs/tinyxml.h</string>
				<key>sourceTree</key>
				<string>SOURCE_ROOT</string>
			</dict>
			<key>6E54289412D2D94F45A05113</key>
			<dict>
				<key>children</key>
				<array>
					<string>2B40EDA85BEB63E46785BC29</string>
					<string>B21E7E5F548EEA92F368040B</string>
					<string>832BDC407620CDBA568B713D</string>
					<string>FC5DA1C87211D4F6377DA719</string>
				</array>
				<key>isa</key>
				<string>PBXGroup</string>
				<key>name</key>
				<string>libs</string>
				<key>sourceTree</key>
				<string>&lt;group&gt;</string>
			</dict>
			<key>933A2227713C720CEFF80FD9</key>
			<dict>
				<key>fileRef</key>
				<string>2B40EDA85BEB63E46785BC29</string>
				<key>isa</key>
				<string>PBXBuildFile</string>
			</dict>
			<key>2B40EDA85BEB63E46785BC29</key>
			<dict>
				<key>explicitFileType</key>
				<string>sourcecode.cpp.cpp</string>
				<key>fileEncoding</key>
				<string>30</string>
				<key>isa</key>
				<string>PBXFileReference</string>
				<key>name</key>
				<string>tinyxml.cpp</string>
				<key>path</key>
				<string>../../../addons/ofxXmlSettings/libs/tinyxml.cpp</string>
				<key>sourceTree</key>
				<string>SOURCE_ROOT</string>
			</dict>
			<key>01DCC0911400F9ACF5B65578</key>
			<dict>
				<key>explicitFileType</key>
				<string>sourcecode.c.h</string>
				<key>fileEncoding</key>
				<string>30</string>
				<key>isa</key>
				<string>PBXFileReference</string>
				<key>name</key>
				<string>ofxXmlSettings.h</string>
				<key>path</key>
				<string>../../../addons/ofxXmlSettings/src/ofxXmlSettings.h</string>
				<key>sourceTree</key>
				<string>SOURCE_ROOT</string>
			</dict>
			<key>6ECEF0D76BC33727823EADFF</key>
			<dict>
				<key>children</key>
				<array>
					<string>50DF87D612C5AAE17AAFA6C0</string>
					<string>01DCC0911400F9ACF5B65578</string>
				</array>
				<key>isa</key>
				<string>PBXGroup</string>
				<key>name</key>
				<string>src</string>
				<key>sourceTree</key>
				<string>&lt;group&gt;</string>
			</dict>
			<key>1F4FB5C423662B96ADFDCC0B</key>
			<dict>
				<key>children</key>
				<array>
					<string>6ECEF0D76BC33727823EADFF</string>
					<string>6E54289412D2D94F45A05113</string>
				</array>
				<key>isa</key>
				<string>PBXGroup</string>
				<key>name</key>
				<string>ofxXmlSettings</string>
				<key>sourceTree</key>
				<string>&lt;group&gt;</string>
			</dict>
			<key>63B57AC5BF4EF088491E0317</key>
			<dict>
				<key>fileRef</key>
				<string>50DF87D612C5AAE17AAFA6C0</string>
				<key>isa</key>
				<string>PBXBuildFile</string>
			</dict>
			<key>50DF87D612C5AAE17AAFA6C0</key>
			<dict>
				<key>explicitFileType</key>
				<string>sourcecode.cpp.cpp</string>
				<key>fileEncoding</key>
				<string>30</string>
				<key>isa</key>
				<string>PBXFileReference</string>
				<key>name</key>
				<string>ofxXmlSettings.cpp</string>
				<key>path</key>
				<string>../../../addons/ofxXmlSettings/src/ofxXmlSettings.cpp</string>
				<key>sourceTree</key>
				<string>SOURCE_ROOT</string>
			</dict>
			<key>30EDC8EB62D9BAC574346AFD</key>
			<dict>
				<key>explicitFileType</key>
				<string>sourcecode.c.h</string>
				<key>fileEncoding</key>
				<string>30</string>
				<key>isa</key>
				<string>PBXFileReference</string>
				<key>name</key>
				<string>ofxGML.h</string>
				<key>path</key>
				<string>../../../addons/ofxGML/src/ofxGML.h</string>
				<key>sourceTree</key>
				<string>SOURCE_ROOT</string>
			</dict>
			<key>F4D1BF6330BE3A8690AD22FF</key>
			<dict>
				<key>explicitFileType</key>
				<string>sourcecode.c.h</string>
				<key>fileEncoding</key>
				<string>30</string>
				<key>isa</key>
				<string>PBXFileReference</string>
				<key>name</key>
				<string>tagWriter.h</string>
				<key>path</key>
				<string>../../../addons/ofxGML/src/gml/tagWriter.h</string>
				<key>sourceTree</key>
				<string>SOURCE_ROOT</string>
			</dict>
			<key>03B14860C85545A54080C30A</key>
			<dict>
				<key>fileRef</key>
				<string>BE7DB470D57A91A0701B9FCD</string>
				<key>isa</key>
				<string>PBXBuildFile</string>
			</dict>
			<key>BE7DB470D57A91A0701B9FCD</key>
			<dict>
				<key>explicitFileType</key>
				<string>sourcecode.cpp.cpp</string>
				<key>fileEncoding</key>
				<string>30</string>
				<key>isa</key>
				<string>PBXFileReference</string>
				<key>name</key>
				<string>tagWriter.cpp</string>
				<key>path</key>
				<string>../../../addons/ofxGML/src/gml/tagWriter.cpp</string>
				<key>sourceTree</key>
				<string>SOURCE_ROOT</string>
			</dict>
			<key>B49364860623966C182D611B</key>
			<dict>
				<key>explicitFileType</key>
				<string>sourcecode.c.h</string>
				<key>fileEncoding</key>
				<string>30</string>
				<key>isa</key>
				<string>PBXFileReference</string>
				<key>name</key>
				<string>tagReader.h</string>
				<key>path</key>
				<string>../../../addons/ofxGML/src/gml/tagReader.h</string>
				<key>sourceTree</key>
				<string>SOURCE_ROOT</string>
			</dict>
			<key>9F47F6577745F31D0E523AC7</key>
			<dict>
				<key>children</key>
				<array>
					<string>D2841F49C423B13E5FE1D6A8</string>
					<string>B49364860623966C182D611B</string>
					<string>BE7DB470D57A91A0701B9FCD</string>
					<string>F4D1BF6330BE3A8690AD22FF</string>
				</array>
				<key>isa</key>
				<string>PBXGroup</string>
				<key>name</key>
				<string>gml</string>
				<key>sourceTree</key>
				<string>&lt;group&gt;</string>
			</dict>
			<key>7B741AE66DDC729C62D1EB6A</key>
			<dict>
				<key>children</key>
				<array>
					<string>9F47F6577745F31D0E523AC7</string>
					<string>30EDC8EB62D9BAC574346AFD</string>
				</array>
				<key>isa</key>
				<string>PBXGroup</string>
				<key>name</key>
				<string>src</string>
				<key>sourceTree</key>
				<string>&lt;group&gt;</string>
			</dict>
			<key>3990BDD3729EB86DA1712921</key>
			<dict>
				<key>children</key>
				<array>
					<string>7B741AE66DDC729C62D1EB6A</string>
				</array>
				<key>isa</key>
				<string>PBXGroup</string>
				<key>name</key>
				<string>ofxGML</string>
				<key>sourceTree</key>
				<string>&lt;group&gt;</string>
			</dict>
			<key>39C1076FC679109A21E21816</key>
			<dict>
				<key>fileRef</key>
				<string>D2841F49C423B13E5FE1D6A8</string>
				<key>isa</key>
				<string>PBXBuildFile</string>
			</dict>
			<key>D2841F49C423B13E5FE1D6A8</key>
			<dict>
				<key>explicitFileType</key>
				<string>sourcecode.cpp.cpp</string>
				<key>fileEncoding</key>
				<string>30</string>
				<key>isa</key>
				<string>PBXFileReference</string>
				<key>name</key>
				<string>tagReader.cpp</string>
				<key>path</key>
				<string>../../../addons/ofxGML/src/gml/tagReader.cpp</string>
				<key>sourceTree</key>
				<string>SOURCE_ROOT</string>
			</dict>
			<key>D90F66CB3A4EAAB6034164B2</key>
			<dict>
				<key>explicitFileType</key>
				<string>sourcecode.c.h</string>
				<key>fileEncoding</key>
				<string>30</string>
				<key>isa</key>
				<string>PBXFileReference</string>
				<key>name</key>
				<string>swimStroke.h</string>
				<key>path</key>
				<string>src/strokes/swimStroke.h</string>
				<key>sourceTree</key>
				<string>SOURCE_ROOT</string>
			</dict>
			<key>80C9E693F7F4F436387BEC6E</key>
			<dict>
				<key>fileRef</key>
				<string>B8142B6E69978ACF3B2D5CB1</string>
				<key>isa</key>
				<string>PBXBuildFile</string>
			</dict>
			<key>B8142B6E69978ACF3B2D5CB1</key>
			<dict>
				<key>explicitFileType</key>
				<string>sourcecode.cpp.cpp</string>
				<key>fileEncoding</key>
				<string>30</string>
				<key>isa</key>
				<string>PBXFileReference</string>
				<key>name</key>
				<string>swimStroke.cpp</string>
				<key>path</key>
				<string>src/strokes/swimStroke.cpp</string>
				<key>sourceTree</key>
				<string>SOURCE_ROOT</string>
			</dict>
			<key>10A0E18FD25AB47DF7210A47</key>
			<dict>
				<key>explicitFileType</key>
				<string>sourcecode.c.h</string>
				<key>fileEncoding</key>
				<string>30</string>
				<key>isa</key>
				<string>PBXFileReference</string>
				<key>name</key>
				<string>strokeRenderer.h</string>
				<key>path</key>
				<string>src/strokes/strokeRenderer.h</string>
				<key>sourceTree</key>
				<string>SOURCE_ROOT</string>
			</dict>
			<key>6BAE3B5D07F813CD73DAE9E6</key>
			<dict>
				<key>fileRef</key>
				<string>607FAAAF54C75383B8ADE347</string>
				<key>isa</key>
				<string>PBXBuildFile</string>
			</dict>
			<key>607FAAAF54C75383B8ADE347</key>
			<dict>
				<key>explicitFileType</key>
				<string>sourcecode.cpp.cpp</string>
				<key>fileEncoding</key>
				<string>30</string>
				<key>isa</key>
				<string>PBXFileReference</string>
				<key>name</key>
				<string>strokeRenderer.cpp</string>
				<key>path</key>
				<string>src/strokes/strokeRenderer.cpp</string>
				<key>sourceTree</key>
				<string>SOURCE_ROOT</string>
			</dict>
			<key>86903155D460F688A73BD2FF</key>
			<dict>
				<key>explicitFileType</key>
				<string>sourcecode.c.h</string>
				<key>fileEncoding</key>
				<string>30</string>
				<key>isa</key>
				<string>PBXFileReference</string>
				<key>name</key>
				<string>ofxStrip.h</string>
				<key>path</key>
				<string>src/strokes/ofxStrip/ofxStrip.h</string>
				<key>sourceTree</key>
				<string>SOURCE_ROOT</string>
			</dict>
			<key>45C5CD673CAB86AA9AF46221</key>
			<dict>
				<key>children</key>
				<array>
					<string>7B2AA36A4592EF961470AF9E</string>
					<string>86903155D460F688A73BD2FF</string>
				</array>
				<key>isa</key>
				<string>PBXGroup</string>
				<key>name</key>
				<string>ofxStrip</string>
				<key>sourceTree</key>
				<string>&lt;group&gt;</string>
			</dict>
			<key>B37CC33DEA2C27DF0679BDA7</key>
			<dict>
				<key>fileRef</key>
				<string>7B2AA36A4592EF961470AF9E</string>
				<key>isa</key>
				<string>PBXBuildFile</string>
			</dict>
			<key>7B2AA36A4592EF961470AF9E</key>
			<dict>
				<key>explicitFileType</key>
				<string>sourcecode.cpp.cpp</string>
				<key>fileEncoding</key>
				<string>30</string>
				<key>isa</key>
				<string>PBXFileReference</string>
				<key>name</key>
				<string>ofxStrip.cpp</string>
				<key>path</key>
				<string>src/strokes/ofxStrip/ofxStrip.cpp</string>
				<key>sourceTree</key>
				<string>SOURCE_ROOT</string>
			</dict>
			<key>D56C7AFFA11AABC3FB49EECD</key>
			<dict>
				<key>explicitFileType</key>
				<string>sourcecode.c.h</string>
				<key>fileEncoding</key>
				<string>30</string>
				<key>isa</key>
				<string>PBXFileReference</string>
				<key>name</key>
				<string>maxStroke.h</string>
				<key>path</key>
				<string>src/strokes/maxStroke.h</string>
				<key>sourceTree</key>
				<string>SOURCE_ROOT</string>
			</dict>
			<key>EA778A5DE25DEBFBBE1E6A9F</key>
			<dict>
				<key>fileRef</key>
				<string>6E035056D4E7E27F0556C5DD</string>
				<key>isa</key>
				<string>PBXBuildFile</string>
			</dict>
			<key>6E035056D4E7E27F0556C5DD</key>
			<dict>
				<key>explicitFileType</key>
				<string>sourcecode.cpp.cpp</string>
				<key>fileEncoding</key>
				<string>30</string>
				<key>isa</key>
				<string>PBXFileReference</string>
				<key>name</key>
				<string>maxStroke.cpp</string>
				<key>path</key>
				<string>src/strokes/maxStroke.cpp</string>
				<key>sourceTree</key>
				<string>SOURCE_ROOT</string>
			</dict>
			<key>C1477D38D00CA46B6B74A9B4</key>
			<dict>
				<key>explicitFileType</key>
				<string>sourcecode.c.h</string>
				<key>fileEncoding</key>
				<string>30</string>
				<key>isa</key>
				<string>PBXFileReference</string>
				<key>name</key>
				<string>swimmingMachine.h</string>
				<key>path</key>
				<string>src/strokes/fx/swimmingMachine.h</string>
				<key>sourceTree</key>
				<string>SOURCE_ROOT</string>
			</dict>
			<key>2FA91E386DA601C9BACA18A9</key>
			<dict>
				<key>fileRef</key>
				<string>063F272CDB452D78EBAB1922</string>
				<key>isa</key>
				<string>PBXBuildFile</string>
			</dict>
			<key>063F272CDB452D78EBAB1922</key>
			<dict>
				<key>explicitFileType</key>
				<string>sourcecode.cpp.cpp</string>
				<key>fileEncoding</key>
				<string>30</string>
				<key>isa</key>
				<string>PBXFileReference</string>
				<key>name</key>
				<string>swimmingMachine.cpp</string>
				<key>path</key>
				<string>src/strokes/fx/swimmingMachine.cpp</string>
				<key>sourceTree</key>
				<string>SOURCE_ROOT</string>
			</dict>
			<key>F450A53010CB1B54239B9577</key>
			<dict>
				<key>explicitFileType</key>
				<string>sourcecode.c.h</string>
				<key>fileEncoding</key>
				<string>30</string>
				<key>isa</key>
				<string>PBXFileReference</string>
				<key>name</key>
				<string>drips.h</string>
				<key>path</key>
				<string>src/strokes/fx/drips.h</string>
				<key>sourceTree</key>
				<string>SOURCE_ROOT</string>
			</dict>
			<key>37C1D6AF224AD6EA7577A52B</key>
			<dict>
				<key>children</key>
				<array>
					<string>B39DB91009A079DE74A8E062</string>
					<string>F450A53010CB1B54239B9577</string>
					<string>063F272CDB452D78EBAB1922</string>
					<string>C1477D38D00CA46B6B74A9B4</string>
				</array>
				<key>isa</key>
				<string>PBXGroup</string>
				<key>name</key>
				<string>fx</string>
				<key>sourceTree</key>
				<string>&lt;group&gt;</string>
			</dict>
			<key>ADF2F1EB49F0B30777F2B5C7</key>
			<dict>
				<key>fileRef</key>
				<string>B39DB91009A079DE74A8E062</string>
				<key>isa</key>
				<string>PBXBuildFile</string>
			</dict>
			<key>B39DB91009A079DE74A8E062</key>
			<dict>
				<key>explicitFileType</key>
				<string>sourcecode.cpp.cpp</string>
				<key>fileEncoding</key>
				<string>30</string>
				<key>isa</key>
				<string>PBXFileReference</string>
				<key>name</key>
				<string>drips.cpp</string>
				<key>path</key>
				<string>src/strokes/fx/drips.cpp</string>
				<key>sourceTree</key>
				<string>SOURCE_ROOT</string>
			</dict>
			<key>688BA6B998691D5CB1C402CA</key>
			<dict>
				<key>explicitFileType</key>
				<string>sourcecode.c.h</string>
				<key>fileEncoding</key>
				<string>30</string>
				<key>isa</key>
				<string>PBXFileReference</string>
				<key>name</key>
				<string>vectorBrush.h</string>
				<key>path</key>
				<string>src/strokes/brush/vectorBrush.h</string>
				<key>sourceTree</key>
				<string>SOURCE_ROOT</string>
			</dict>
			<key>D2A20237854455048D4CE850</key>
			<dict>
				<key>fileRef</key>
				<string>D43F5DB6C16750BC8C62DD22</string>
				<key>isa</key>
				<string>PBXBuildFile</string>
			</dict>
			<key>D43F5DB6C16750BC8C62DD22</key>
			<dict>
				<key>explicitFileType</key>
				<string>sourcecode.cpp.cpp</string>
				<key>fileEncoding</key>
				<string>30</string>
				<key>isa</key>
				<string>PBXFileReference</string>
				<key>name</key>
				<string>vectorBrush.cpp</string>
				<key>path</key>
				<string>src/strokes/brush/vectorBrush.cpp</string>
				<key>sourceTree</key>
				<string>SOURCE_ROOT</string>
			</dict>
			<key>393C113B6EFA9423A15F7BD5</key>
			<dict>
				<key>explicitFileType</key>
				<string>sourcecode.c.h</string>
				<key>fileEncoding</key>
				<string>30</string>
				<key>isa</key>
				<string>PBXFileReference</string>
				<key>name</key>
				<string>pngBrush.h</string>
				<key>path</key>
				<string>src/strokes/brush/pngBrush.h</string>
				<key>sourceTree</key>
				<string>SOURCE_ROOT</string>
			</dict>
			<key>0B3752CA7E2EB2FC5EB7FA5A</key>
			<dict>
				<key>fileRef</key>
				<string>274E3B650082BCB2EBB4949F</string>
				<key>isa</key>
				<string>PBXBuildFile</string>
			</dict>
			<key>274E3B650082BCB2EBB4949F</key>
			<dict>
				<key>explicitFileType</key>
				<string>sourcecode.cpp.cpp</string>
				<key>fileEncoding</key>
				<string>30</string>
				<key>isa</key>
				<string>PBXFileReference</string>
				<key>name</key>
				<string>pngBrush.cpp</string>
				<key>path</key>
				<string>src/strokes/brush/pngBrush.cpp</string>
				<key>sourceTree</key>
				<string>SOURCE_ROOT</string>
			</dict>
			<key>98BC370868A64582EC830A79</key>
			<dict>
				<key>explicitFileType</key>
				<string>sourcecode.c.h</string>
				<key>fileEncoding</key>
				<string>30</string>
				<key>isa</key>
				<string>PBXFileReference</string>
				<key>name</key>
				<string>gestureBrush.h</string>
				<key>path</key>
				<string>src/strokes/brush/gestureBrush.h</string>
				<key>sourceTree</key>
				<string>SOURCE_ROOT</string>
			</dict>
			<key>357E413C8A6AEFB9979B1667</key>
			<dict>
				<key>fileRef</key>
				<string>A1A146A1E6A05982AA39E0A7</string>
				<key>isa</key>
				<string>PBXBuildFile</string>
			</dict>
			<key>A1A146A1E6A05982AA39E0A7</key>
			<dict>
				<key>explicitFileType</key>
				<string>sourcecode.cpp.cpp</string>
				<key>fileEncoding</key>
				<string>30</string>
				<key>isa</key>
				<string>PBXFileReference</string>
				<key>name</key>
				<string>gestureBrush.cpp</string>
				<key>path</key>
				<string>src/strokes/brush/gestureBrush.cpp</string>
				<key>sourceTree</key>
				<string>SOURCE_ROOT</string>
			</dict>
			<key>E1DC83108D2FA42D167FF6C6</key>
			<dict>
				<key>explicitFileType</key>
				<string>sourcecode.c.h</string>
				<key>fileEncoding</key>
				<string>30</string>
				<key>isa</key>
				<string>PBXFileReference</string>
				<key>name</key>
				<string>basicVectorBrush.h</string>
				<key>path</key>
				<string>src/strokes/brush/basicVectorBrush.h</string>
				<key>sourceTree</key>
				<string>SOURCE_ROOT</string>
			</dict>
			<key>0748973A27B6B541B569000A</key>
			<dict>
				<key>children</key>
				<array>
					<string>A26D84BBADDECAD6F9191E9A</string>
					<string>E1DC83108D2FA42D167FF6C6</string>
					<string>A1A146A1E6A05982AA39E0A7</string>
					<string>98BC370868A64582EC830A79</string>
					<string>274E3B650082BCB2EBB4949F</string>
					<string>393C113B6EFA9423A15F7BD5</string>
					<string>D43F5DB6C16750BC8C62DD22</string>
					<string>688BA6B998691D5CB1C402CA</string>
				</array>
				<key>isa</key>
				<string>PBXGroup</string>
				<key>name</key>
				<string>brush</string>
				<key>sourceTree</key>
				<string>&lt;group&gt;</string>
			</dict>
			<key>A26D84BBADDECAD6F9191E9A</key>
			<dict>
				<key>explicitFileType</key>
				<string>sourcecode.c.h</string>
				<key>fileEncoding</key>
				<string>30</string>
				<key>isa</key>
				<string>PBXFileReference</string>
				<key>name</key>
				<string>baseBrush.h</string>
				<key>path</key>
				<string>src/strokes/brush/baseBrush.h</string>
				<key>sourceTree</key>
				<string>SOURCE_ROOT</string>
			</dict>
			<key>864AE0778C77962A85D9C787</key>
			<dict>
				<key>explicitFileType</key>
				<string>sourcecode.c.h</string>
				<key>fileEncoding</key>
				<string>30</string>
				<key>isa</key>
				<string>PBXFileReference</string>
				<key>name</key>
				<string>angleStroke.h</string>
				<key>path</key>
				<string>src/strokes/angleStroke.h</string>
				<key>sourceTree</key>
				<string>SOURCE_ROOT</string>
			</dict>
			<key>839B156D170366180F192CB2</key>
			<dict>
				<key>children</key>
				<array>
					<string>00DE6020C8C547F712A47504</string>
					<string>864AE0778C77962A85D9C787</string>
					<string>0748973A27B6B541B569000A</string>
					<string>37C1D6AF224AD6EA7577A52B</string>
					<string>6E035056D4E7E27F0556C5DD</string>
					<string>D56C7AFFA11AABC3FB49EECD</string>
					<string>45C5CD673CAB86AA9AF46221</string>
					<string>607FAAAF54C75383B8ADE347</string>
					<string>10A0E18FD25AB47DF7210A47</string>
					<string>B8142B6E69978ACF3B2D5CB1</string>
					<string>D90F66CB3A4EAAB6034164B2</string>
				</array>
				<key>isa</key>
				<string>PBXGroup</string>
				<key>name</key>
				<string>strokes</string>
				<key>sourceTree</key>
				<string>&lt;group&gt;</string>
			</dict>
			<key>079331E446FC8D5E9BE4D56F</key>
			<dict>
				<key>fileRef</key>
				<string>00DE6020C8C547F712A47504</string>
				<key>isa</key>
				<string>PBXBuildFile</string>
			</dict>
			<key>00DE6020C8C547F712A47504</key>
			<dict>
				<key>explicitFileType</key>
				<string>sourcecode.cpp.cpp</string>
				<key>fileEncoding</key>
				<string>30</string>
				<key>isa</key>
				<string>PBXFileReference</string>
				<key>name</key>
				<string>angleStroke.cpp</string>
				<key>path</key>
				<string>src/strokes/angleStroke.cpp</string>
				<key>sourceTree</key>
				<string>SOURCE_ROOT</string>
			</dict>
			<key>A274B3D652FE09A6819703EA</key>
			<dict>
				<key>explicitFileType</key>
				<string>sourcecode.c.h</string>
				<key>fileEncoding</key>
				<string>30</string>
				<key>isa</key>
				<string>PBXFileReference</string>
				<key>name</key>
				<string>miscUtils.h</string>
				<key>path</key>
				<string>src/miscUtils.h</string>
				<key>sourceTree</key>
				<string>SOURCE_ROOT</string>
			</dict>
			<key>6948EE371B920CB800B5AC1A</key>
			<dict>
				<key>children</key>
				<array />
				<key>isa</key>
				<string>PBXGroup</string>
				<key>name</key>
				<string>local_addons</string>
				<key>sourceTree</key>
				<string>&lt;group&gt;</string>
			</dict>
			<key>8466F1851C04CA0E00918B1C</key>
			<dict>
				<key>buildActionMask</key>
				<string>12</string>
				<key>files</key>
				<array />
				<key>inputPaths</key>
				<array />
				<key>isa</key>
				<string>PBXShellScriptBuildPhase</string>
				<key>outputPaths</key>
				<array />
				<key>runOnlyForDeploymentPostprocessing</key>
				<string>0</string>
				<key>shellPath</key>
				<string>/bin/sh</string>
				<key>shellScript</key>
				<string>echo "$GCC_PREPROCESSOR_DEFINITIONS";
APPSTORE=`expr "$GCC_PREPROCESSOR_DEFINITIONS" : ".*APPSTORE=\([0-9]*\)"`
if [ -z "$APPSTORE" ] ; then
echo "Note: Not copying bin/data to App Package or doing App Code signing. Use AppStore target for AppStore distribution";
else
# Copy bin/data into App/Resources
rsync -avz --exclude='.DS_Store' "${SRCROOT}/bin/data/" "${TARGET_BUILD_DIR}/${UNLOCALIZED_RESOURCES_FOLDER_PATH}/data/"

# ---- Code Sign App Package ----
 
# WARNING: You may have to run Clean in Xcode after changing CODE_SIGN_IDENTITY!

# Verify that $CODE_SIGN_IDENTITY is set
if [ -z "${CODE_SIGN_IDENTITY}" ] ; then
echo "CODE_SIGN_IDENTITY needs to be set for framework code-signing"
exit 0
fi

if [ -z "${CODE_SIGN_ENTITLEMENTS}" ] ; then
echo "CODE_SIGN_ENTITLEMENTS needs to be set for framework code-signing!"

if [ "${CONFIGURATION}" = "Release" ] ; then
exit 1
else
# Code-signing is optional for non-release builds.
exit 0
fi
fi

ITEMS=""

FRAMEWORKS_DIR="${TARGET_BUILD_DIR}/${FRAMEWORKS_FOLDER_PATH}"
echo "$FRAMEWORKS_DIR"
if [ -d "$FRAMEWORKS_DIR" ] ; then
FRAMEWORKS=$(find "${FRAMEWORKS_DIR}" -depth -type d -name "*.framework" -or -name "*.dylib" -or -name "*.bundle" | sed -e "s/\(.*framework\)/\1\/Versions\/A\//")
RESULT=$?
if [[ $RESULT != 0 ]] ; then
exit 1
fi

ITEMS="${FRAMEWORKS}"
fi

LOGINITEMS_DIR="${TARGET_BUILD_DIR}/${CONTENTS_FOLDER_PATH}/Library/LoginItems/"
if [ -d "$LOGINITEMS_DIR" ] ; then
LOGINITEMS=$(find "${LOGINITEMS_DIR}" -depth -type d -name "*.app")
RESULT=$?
if [[ $RESULT != 0 ]] ; then
exit 1
fi

ITEMS="${ITEMS}"$'\n'"${LOGINITEMS}"
fi

# Prefer the expanded name, if available.
CODE_SIGN_IDENTITY_FOR_ITEMS="${EXPANDED_CODE_SIGN_IDENTITY_NAME}"
if [ "${CODE_SIGN_IDENTITY_FOR_ITEMS}" = "" ] ; then
# Fall back to old behavior.
CODE_SIGN_IDENTITY_FOR_ITEMS="${CODE_SIGN_IDENTITY}"
fi

echo "Identity:"
echo "${CODE_SIGN_IDENTITY_FOR_ITEMS}"

echo "Entitlements:"
echo "${CODE_SIGN_ENTITLEMENTS}"

echo "Found:"
echo "${ITEMS}"

# Change the Internal Field Separator (IFS) so that spaces in paths will not cause problems below.
SAVED_IFS=$IFS
IFS=$(echo -en "\n\b")

# Loop through all items.
for ITEM in $ITEMS;
do
echo "Signing '${ITEM}'"
codesign --force --verbose --sign "${CODE_SIGN_IDENTITY_FOR_ITEMS}" --entitlements "${CODE_SIGN_ENTITLEMENTS}" "${ITEM}"
RESULT=$?
if [[ $RESULT != 0 ]] ; then
echo "Failed to sign '${ITEM}'."
IFS=$SAVED_IFS
exit 1
fi
done

# Restore $IFS.
IFS=$SAVED_IFS

fi
</string>
			</dict>
			<key>99FA3DBB1C7456C400CFA0EE</key>
			<dict>
				<key>baseConfigurationReference</key>
				<string>E4EB6923138AFD0F00A09F29</string>
				<key>buildSettings</key>
				<dict>
					<key>HEADER_SEARCH_PATHS</key>
					<array>
						<string>$(OF_CORE_HEADERS)</string>
						<string>src</string>
						<string>src/strokes</string>
						<string>src/strokes/brush</string>
						<string>src/strokes/fx</string>
						<string>src/strokes/ofxStrip</string>
						<string>../../../addons/ofxGML/src</string>
						<string>../../../addons/ofxGML/src/gml</string>
						<string>../../../addons/ofxXmlSettings/libs</string>
						<string>../../../addons/ofxXmlSettings/src</string>
					</array>
					<key>CONFIGURATION_BUILD_DIR</key>
					<string>$(SRCROOT)/bin/</string>
					<key>COPY_PHASE_STRIP</key>
					<string>YES</string>
					<key>DEAD_CODE_STRIPPING</key>
					<string>YES</string>
					<key>GCC_AUTO_VECTORIZATION</key>
					<string>YES</string>
					<key>GCC_ENABLE_SSE3_EXTENSIONS</key>
					<string>YES</string>
					<key>GCC_ENABLE_SUPPLEMENTAL_SSE3_INSTRUCTIONS</key>
					<string>YES</string>
					<key>GCC_INLINES_ARE_PRIVATE_EXTERN</key>
					<string>NO</string>
					<key>GCC_OPTIMIZATION_LEVEL</key>
					<string>3</string>
					<key>GCC_PREPROCESSOR_DEFINITIONS[arch=*]</key>
					<string>DISTRIBUTION=1</string>
					<key>GCC_SYMBOLS_PRIVATE_EXTERN</key>
					<string>NO</string>
					<key>GCC_UNROLL_LOOPS</key>
					<string>YES</string>
					<key>GCC_WARN_ABOUT_DEPRECATED_FUNCTIONS</key>
					<string>YES</string>
					<key>GCC_WARN_ABOUT_INVALID_OFFSETOF_MACRO</key>
					<string>NO</string>
					<key>GCC_WARN_ALLOW_INCOMPLETE_PROTOCOL</key>
					<string>NO</string>
					<key>GCC_WARN_UNINITIALIZED_AUTOS</key>
					<string>NO</string>
					<key>GCC_WARN_UNUSED_VALUE</key>
					<string>NO</string>
					<key>GCC_WARN_UNUSED_VARIABLE</key>
					<string>NO</string>
					<key>MACOSX_DEPLOYMENT_TARGET</key>
					<string>10.8</string>
					<key>OTHER_CPLUSPLUSFLAGS</key>
					<array>
						<string>-D__MACOSX_CORE__</string>
						<string>-mtune=native</string>
					</array>
					<key>SDKROOT</key>
					<string>macosx</string>
				</dict>
				<key>isa</key>
				<string>XCBuildConfiguration</string>
				<key>name</key>
				<string>AppStore</string>
			</dict>
			<key>99FA3DBC1C7456C400CFA0EE</key>
			<dict>
				<key>baseConfigurationReference</key>
				<string>E4EB6923138AFD0F00A09F29</string>
				<key>buildSettings</key>
				<dict>
					<key>HEADER_SEARCH_PATHS</key>
					<array>
						<string>$(OF_CORE_HEADERS)</string>
						<string>src</string>
						<string>src/strokes</string>
						<string>src/strokes/brush</string>
						<string>src/strokes/fx</string>
						<string>src/strokes/ofxStrip</string>
						<string>../../../addons/ofxGML/src</string>
						<string>../../../addons/ofxGML/src/gml</string>
						<string>../../../addons/ofxXmlSettings/libs</string>
						<string>../../../addons/ofxXmlSettings/src</string>
					</array>
					<key>COMBINE_HIDPI_IMAGES</key>
					<string>YES</string>
					<key>COPY_PHASE_STRIP</key>
					<string>YES</string>
					<key>FRAMEWORK_SEARCH_PATHS</key>
					<array>
						<string>$(inherited)</string>
						<string>$(FRAMEWORK_SEARCH_PATHS_QUOTED_FOR_TARGET_1)</string>
					</array>
					<key>FRAMEWORK_SEARCH_PATHS_QUOTED_FOR_TARGET_1</key>
					<string>"$(SRCROOT)/../../../libs/glut/lib/osx"</string>
					<key>GCC_GENERATE_DEBUGGING_SYMBOLS</key>
					<string>YES</string>
					<key>GCC_MODEL_TUNING</key>
					<string>NONE</string>
					<key>GCC_PREPROCESSOR_DEFINITIONS[arch=*]</key>
					<string>APPSTORE=1</string>
					<key>ICON</key>
					<string>$(ICON_NAME_RELEASE)</string>
					<key>ICON_FILE</key>
					<string>$(ICON_FILE_PATH)$(ICON)</string>
					<key>INFOPLIST_FILE</key>
					<string>openFrameworks-Info.plist</string>
					<key>INSTALL_PATH</key>
					<string>/Applications</string>
					<key>LIBRARY_SEARCH_PATHS</key>
					<string>$(inherited)</string>
					<key>PRODUCT_NAME</key>
					<string>$(TARGET_NAME)</string>
					<key>WRAPPER_EXTENSION</key>
					<string>app</string>
					<key>baseConfigurationReference</key>
					<string>E4EB6923138AFD0F00A09F29</string>
				</dict>
				<key>isa</key>
				<string>XCBuildConfiguration</string>
				<key>name</key>
				<string>AppStore</string>
			</dict>
			<key>BB4B014C10F69532006C3DED</key>
			<dict>
				<key>children</key>
				<array>
					<string>3990BDD3729EB86DA1712921</string>
					<string>1F4FB5C423662B96ADFDCC0B</string>
				</array>
				<key>isa</key>
				<string>PBXGroup</string>
				<key>name</key>
				<string>addons</string>
				<key>sourceTree</key>
				<string>&lt;group&gt;</string>
			</dict>
			<key>E4328143138ABC890047C5CB</key>
			<dict>
				<key>isa</key>
				<string>PBXFileReference</string>
				<key>lastKnownFileType</key>
				<string>wrapper.pb-project</string>
				<key>name</key>
				<string>openFrameworksLib.xcodeproj</string>
				<key>path</key>
				<string>../../../libs/openFrameworksCompiled/project/osx/openFrameworksLib.xcodeproj</string>
				<key>sourceTree</key>
				<string>SOURCE_ROOT</string>
			</dict>
			<key>E4328144138ABC890047C5CB</key>
			<dict>
				<key>children</key>
				<array>
					<string>E4328148138ABC890047C5CB</string>
				</array>
				<key>isa</key>
				<string>PBXGroup</string>
				<key>name</key>
				<string>Products</string>
				<key>sourceTree</key>
				<string>&lt;group&gt;</string>
			</dict>
			<key>E4328147138ABC890047C5CB</key>
			<dict>
				<key>containerPortal</key>
				<string>E4328143138ABC890047C5CB</string>
				<key>isa</key>
				<string>PBXContainerItemProxy</string>
				<key>proxyType</key>
				<string>2</string>
				<key>remoteGlobalIDString</key>
				<string>E4B27C1510CBEB8E00536013</string>
				<key>remoteInfo</key>
				<string>openFrameworks</string>
			</dict>
			<key>E4328148138ABC890047C5CB</key>
			<dict>
				<key>fileType</key>
				<string>archive.ar</string>
				<key>isa</key>
				<string>PBXReferenceProxy</string>
				<key>path</key>
				<string>openFrameworksDebug.a</string>
				<key>remoteRef</key>
				<string>E4328147138ABC890047C5CB</string>
				<key>sourceTree</key>
				<string>BUILT_PRODUCTS_DIR</string>
			</dict>
			<key>E4328149138ABC9F0047C5CB</key>
			<dict>
				<key>fileRef</key>
				<string>E4328148138ABC890047C5CB</string>
				<key>isa</key>
				<string>PBXBuildFile</string>
			</dict>
			<key>E4B69B4A0A3A1720003C02F2</key>
			<dict>
				<key>children</key>
				<array>
					<string>E4B6FCAD0C3E899E008CF71C</string>
					<string>E4EB6923138AFD0F00A09F29</string>
					<string>E4B69E1C0A3A1BDC003C02F2</string>
					<string>E4EEC9E9138DF44700A80321</string>
					<string>BB4B014C10F69532006C3DED</string>
					<string>6948EE371B920CB800B5AC1A</string>
					<string>E4B69B5B0A3A1756003C02F2</string>
				</array>
				<key>isa</key>
				<string>PBXGroup</string>
				<key>sourceTree</key>
				<string>&lt;group&gt;</string>
			</dict>
			<key>E4B69B4C0A3A1720003C02F2</key>
			<dict>
				<key>attributes</key>
				<dict>
					<key>LastUpgradeCheck</key>
					<string>0600</string>
				</dict>
				<key>buildConfigurationList</key>
				<string>E4B69B4D0A3A1720003C02F2</string>
				<key>compatibilityVersion</key>
				<string>Xcode 3.2</string>
				<key>developmentRegion</key>
				<string>English</string>
				<key>hasScannedForEncodings</key>
				<string>0</string>
				<key>isa</key>
				<string>PBXProject</string>
				<key>knownRegions</key>
				<array>
					<string>English</string>
					<string>Japanese</string>
					<string>French</string>
					<string>German</string>
				</array>
				<key>mainGroup</key>
				<string>E4B69B4A0A3A1720003C02F2</string>
				<key>productRefGroup</key>
				<string>E4B69B4A0A3A1720003C02F2</string>
				<key>projectDirPath</key>
				<string />
				<key>projectReferences</key>
				<array>
					<dict>
						<key>ProductGroup</key>
						<string>E4328144138ABC890047C5CB</string>
						<key>ProjectRef</key>
						<string>E4328143138ABC890047C5CB</string>
					</dict>
				</array>
				<key>projectRoot</key>
				<string />
				<key>targets</key>
				<array>
					<string>E4B69B5A0A3A1756003C02F2</string>
				</array>
			</dict>
			<key>E4B69B4D0A3A1720003C02F2</key>
			<dict>
				<key>buildConfigurations</key>
				<array>
					<string>E4B69B4E0A3A1720003C02F2</string>
					<string>E4B69B4F0A3A1720003C02F2</string>
					<string>99FA3DBB1C7456C400CFA0EE</string>
				</array>
				<key>defaultConfigurationIsVisible</key>
				<string>0</string>
				<key>defaultConfigurationName</key>
				<string>Release</string>
				<key>isa</key>
				<string>XCConfigurationList</string>
			</dict>
			<key>E4B69B4E0A3A1720003C02F2</key>
			<dict>
				<key>baseConfigurationReference</key>
				<string>E4EB6923138AFD0F00A09F29</string>
				<key>buildSettings</key>
				<dict>
					<key>HEADER_SEARCH_PATHS</key>
					<array>
						<string>$(OF_CORE_HEADERS)</string>
						<string>src</string>
						<string>src/strokes</string>
						<string>src/strokes/brush</string>
						<string>src/strokes/fx</string>
						<string>src/strokes/ofxStrip</string>
						<string>../../../addons/ofxGML/src</string>
						<string>../../../addons/ofxGML/src/gml</string>
						<string>../../../addons/ofxXmlSettings/libs</string>
						<string>../../../addons/ofxXmlSettings/src</string>
					</array>
					<key>CONFIGURATION_BUILD_DIR</key>
					<string>$(SRCROOT)/bin/</string>
					<key>COPY_PHASE_STRIP</key>
					<string>NO</string>
					<key>DEAD_CODE_STRIPPING</key>
					<string>YES</string>
					<key>GCC_AUTO_VECTORIZATION</key>
					<string>YES</string>
					<key>GCC_ENABLE_SSE3_EXTENSIONS</key>
					<string>YES</string>
					<key>GCC_ENABLE_SUPPLEMENTAL_SSE3_INSTRUCTIONS</key>
					<string>YES</string>
					<key>GCC_INLINES_ARE_PRIVATE_EXTERN</key>
					<string>NO</string>
					<key>GCC_OPTIMIZATION_LEVEL</key>
					<string>0</string>
					<key>GCC_SYMBOLS_PRIVATE_EXTERN</key>
					<string>NO</string>
					<key>GCC_WARN_ABOUT_DEPRECATED_FUNCTIONS</key>
					<string>YES</string>
					<key>GCC_WARN_ABOUT_INVALID_OFFSETOF_MACRO</key>
					<string>NO</string>
					<key>GCC_WARN_ALLOW_INCOMPLETE_PROTOCOL</key>
					<string>NO</string>
					<key>GCC_WARN_UNINITIALIZED_AUTOS</key>
					<string>NO</string>
					<key>GCC_WARN_UNUSED_VALUE</key>
					<string>NO</string>
					<key>GCC_WARN_UNUSED_VARIABLE</key>
					<string>NO</string>
					<key>MACOSX_DEPLOYMENT_TARGET</key>
					<string>10.8</string>
					<key>ONLY_ACTIVE_ARCH</key>
					<string>YES</string>
					<key>OTHER_CPLUSPLUSFLAGS</key>
					<array>
						<string>-D__MACOSX_CORE__</string>
						<string>-mtune=native</string>
					</array>
					<key>SDKROOT</key>
					<string>macosx</string>
				</dict>
				<key>isa</key>
				<string>XCBuildConfiguration</string>
				<key>name</key>
				<string>Debug</string>
			</dict>
			<key>E4B69B4F0A3A1720003C02F2</key>
			<dict>
				<key>baseConfigurationReference</key>
				<string>E4EB6923138AFD0F00A09F29</string>
				<key>buildSettings</key>
				<dict>
					<key>HEADER_SEARCH_PATHS</key>
					<array>
						<string>$(OF_CORE_HEADERS)</string>
						<string>src</string>
						<string>src/strokes</string>
						<string>src/strokes/brush</string>
						<string>src/strokes/fx</string>
						<string>src/strokes/ofxStrip</string>
						<string>../../../addons/ofxGML/src</string>
						<string>../../../addons/ofxGML/src/gml</string>
						<string>../../../addons/ofxXmlSettings/libs</string>
						<string>../../../addons/ofxXmlSettings/src</string>
					</array>
					<key>CONFIGURATION_BUILD_DIR</key>
					<string>$(SRCROOT)/bin/</string>
					<key>COPY_PHASE_STRIP</key>
					<string>YES</string>
					<key>DEAD_CODE_STRIPPING</key>
					<string>YES</string>
					<key>GCC_AUTO_VECTORIZATION</key>
					<string>YES</string>
					<key>GCC_ENABLE_SSE3_EXTENSIONS</key>
					<string>YES</string>
					<key>GCC_ENABLE_SUPPLEMENTAL_SSE3_INSTRUCTIONS</key>
					<string>YES</string>
					<key>GCC_INLINES_ARE_PRIVATE_EXTERN</key>
					<string>NO</string>
					<key>GCC_OPTIMIZATION_LEVEL</key>
					<string>3</string>
					<key>GCC_SYMBOLS_PRIVATE_EXTERN</key>
					<string>NO</string>
					<key>GCC_UNROLL_LOOPS</key>
					<string>YES</string>
					<key>GCC_WARN_ABOUT_DEPRECATED_FUNCTIONS</key>
					<string>YES</string>
					<key>GCC_WARN_ABOUT_INVALID_OFFSETOF_MACRO</key>
					<string>NO</string>
					<key>GCC_WARN_ALLOW_INCOMPLETE_PROTOCOL</key>
					<string>NO</string>
					<key>GCC_WARN_UNINITIALIZED_AUTOS</key>
					<string>NO</string>
					<key>GCC_WARN_UNUSED_VALUE</key>
					<string>NO</string>
					<key>GCC_WARN_UNUSED_VARIABLE</key>
					<string>NO</string>
					<key>MACOSX_DEPLOYMENT_TARGET</key>
					<string>10.8</string>
					<key>OTHER_CPLUSPLUSFLAGS</key>
					<array>
						<string>-D__MACOSX_CORE__</string>
						<string>-mtune=native</string>
					</array>
					<key>SDKROOT</key>
					<string>macosx</string>
				</dict>
				<key>isa</key>
				<string>XCBuildConfiguration</string>
				<key>name</key>
				<string>Release</string>
			</dict>
			<key>E4B69B580A3A1756003C02F2</key>
			<dict>
				<key>buildActionMask</key>
				<string>2147483647</string>
				<key>files</key>
				<array>
					<string>E4B69E200A3A1BDC003C02F2</string>
					<string>E4B69E210A3A1BDC003C02F2</string>
					<string>079331E446FC8D5E9BE4D56F</string>
					<string>357E413C8A6AEFB9979B1667</string>
					<string>0B3752CA7E2EB2FC5EB7FA5A</string>
					<string>D2A20237854455048D4CE850</string>
					<string>ADF2F1EB49F0B30777F2B5C7</string>
					<string>2FA91E386DA601C9BACA18A9</string>
					<string>EA778A5DE25DEBFBBE1E6A9F</string>
					<string>B37CC33DEA2C27DF0679BDA7</string>
					<string>6BAE3B5D07F813CD73DAE9E6</string>
					<string>80C9E693F7F4F436387BEC6E</string>
					<string>39C1076FC679109A21E21816</string>
					<string>03B14860C85545A54080C30A</string>
					<string>63B57AC5BF4EF088491E0317</string>
					<string>933A2227713C720CEFF80FD9</string>
					<string>9D44DC88EF9E7991B4A09951</string>
					<string>5A4349E9754D6FA14C0F2A3A</string>
				</array>
				<key>isa</key>
				<string>PBXSourcesBuildPhase</string>
				<key>runOnlyForDeploymentPostprocessing</key>
				<string>0</string>
			</dict>
			<key>E4B69B590A3A1756003C02F2</key>
			<dict>
				<key>buildActionMask</key>
				<string>2147483647</string>
				<key>files</key>
				<array>
					<string>E4328149138ABC9F0047C5CB</string>
				</array>
				<key>isa</key>
				<string>PBXFrameworksBuildPhase</string>
				<key>runOnlyForDeploymentPostprocessing</key>
				<string>0</string>
			</dict>
			<key>E4B69B5A0A3A1756003C02F2</key>
			<dict>
				<key>buildConfigurationList</key>
				<string>E4B69B5F0A3A1757003C02F2</string>
				<key>buildPhases</key>
				<array>
					<string>E4B69B580A3A1756003C02F2</string>
					<string>E4B69B590A3A1756003C02F2</string>
					<string>E4B6FFFD0C3F9AB9008CF71C</string>
					<string>E4C2427710CC5ABF004149E2</string>
					<string>8466F1851C04CA0E00918B1C</string>
				</array>
				<key>buildRules</key>
				<array />
				<key>dependencies</key>
				<array>
					<string>E4EEB9AC138B136A00A80321</string>
				</array>
				<key>isa</key>
				<string>PBXNativeTarget</string>
				<key>name</key>
				<string>tagCaptureSimple</string>
				<key>productName</key>
				<string>myOFApp</string>
				<key>productReference</key>
				<string>E4B69B5B0A3A1756003C02F2</string>
				<key>productType</key>
				<string>com.apple.product-type.application</string>
			</dict>
			<key>E4B69B5B0A3A1756003C02F2</key>
			<dict>
				<key>explicitFileType</key>
				<string>wrapper.application</string>
				<key>includeInIndex</key>
				<string>0</string>
				<key>isa</key>
				<string>PBXFileReference</string>
				<key>path</key>
				<string>tagCaptureSimpleDebug.app</string>
				<key>sourceTree</key>
				<string>BUILT_PRODUCTS_DIR</string>
			</dict>
			<key>E4B69B5F0A3A1757003C02F2</key>
			<dict>
				<key>buildConfigurations</key>
				<array>
					<string>E4B69B600A3A1757003C02F2</string>
					<string>E4B69B610A3A1757003C02F2</string>
					<string>99FA3DBC1C7456C400CFA0EE</string>
				</array>
				<key>defaultConfigurationIsVisible</key>
				<string>0</string>
				<key>defaultConfigurationName</key>
				<string>Release</string>
				<key>isa</key>
				<string>XCConfigurationList</string>
			</dict>
			<key>E4B69B600A3A1757003C02F2</key>
			<dict>
				<key>baseConfigurationReference</key>
				<string>E4EB6923138AFD0F00A09F29</string>
				<key>buildSettings</key>
				<dict>
					<key>HEADER_SEARCH_PATHS</key>
					<array>
						<string>$(OF_CORE_HEADERS)</string>
						<string>src</string>
						<string>src/strokes</string>
						<string>src/strokes/brush</string>
						<string>src/strokes/fx</string>
						<string>src/strokes/ofxStrip</string>
						<string>../../../addons/ofxGML/src</string>
						<string>../../../addons/ofxGML/src/gml</string>
						<string>../../../addons/ofxXmlSettings/libs</string>
						<string>../../../addons/ofxXmlSettings/src</string>
					</array>
					<key>COMBINE_HIDPI_IMAGES</key>
					<string>YES</string>
					<key>COPY_PHASE_STRIP</key>
					<string>NO</string>
					<key>FRAMEWORK_SEARCH_PATHS</key>
					<array>
						<string>$(inherited)</string>
						<string>$(FRAMEWORK_SEARCH_PATHS_QUOTED_FOR_TARGET_1)</string>
					</array>
					<key>FRAMEWORK_SEARCH_PATHS_QUOTED_FOR_TARGET_1</key>
					<string>"$(SRCROOT)/../../../libs/glut/lib/osx"</string>
					<key>GCC_DYNAMIC_NO_PIC</key>
					<string>NO</string>
					<key>GCC_GENERATE_DEBUGGING_SYMBOLS</key>
					<string>YES</string>
					<key>GCC_MODEL_TUNING</key>
					<string>NONE</string>
					<key>ICON</key>
					<string>$(ICON_NAME_DEBUG)</string>
					<key>ICON_FILE</key>
					<string>$(ICON_FILE_PATH)$(ICON)</string>
					<key>INFOPLIST_FILE</key>
					<string>openFrameworks-Info.plist</string>
					<key>INSTALL_PATH</key>
					<string>/Applications</string>
					<key>LIBRARY_SEARCH_PATHS</key>
					<string>$(inherited)</string>
					<key>PRODUCT_NAME</key>
					<string>$(TARGET_NAME)Debug</string>
					<key>WRAPPER_EXTENSION</key>
					<string>app</string>
				</dict>
				<key>isa</key>
				<string>XCBuildConfiguration</string>
				<key>name</key>
				<string>Debug</string>
			</dict>
			<key>E4B69B610A3A1757003C02F2</key>
			<dict>
				<key>baseConfigurationReference</key>
				<string>E4EB6923138AFD0F00A09F29</string>
				<key>buildSettings</key>
				<dict>
					<key>HEADER_SEARCH_PATHS</key>
					<array>
						<string>$(OF_CORE_HEADERS)</string>
						<string>src</string>
						<string>src/strokes</string>
						<string>src/strokes/brush</string>
						<string>src/strokes/fx</string>
						<string>src/strokes/ofxStrip</string>
						<string>../../../addons/ofxGML/src</string>
						<string>../../../addons/ofxGML/src/gml</string>
						<string>../../../addons/ofxXmlSettings/libs</string>
						<string>../../../addons/ofxXmlSettings/src</string>
					</array>
					<key>COMBINE_HIDPI_IMAGES</key>
					<string>YES</string>
					<key>COPY_PHASE_STRIP</key>
					<string>YES</string>
					<key>FRAMEWORK_SEARCH_PATHS</key>
					<array>
						<string>$(inherited)</string>
						<string>$(FRAMEWORK_SEARCH_PATHS_QUOTED_FOR_TARGET_1)</string>
					</array>
					<key>FRAMEWORK_SEARCH_PATHS_QUOTED_FOR_TARGET_1</key>
					<string>"$(SRCROOT)/../../../libs/glut/lib/osx"</string>
					<key>GCC_GENERATE_DEBUGGING_SYMBOLS</key>
					<string>YES</string>
					<key>GCC_MODEL_TUNING</key>
					<string>NONE</string>
					<key>ICON</key>
					<string>$(ICON_NAME_RELEASE)</string>
					<key>ICON_FILE</key>
					<string>$(ICON_FILE_PATH)$(ICON)</string>
					<key>INFOPLIST_FILE</key>
					<string>openFrameworks-Info.plist</string>
					<key>INSTALL_PATH</key>
					<string>/Applications</string>
					<key>LIBRARY_SEARCH_PATHS</key>
					<string>$(inherited)</string>
					<key>PRODUCT_NAME</key>
					<string>$(TARGET_NAME)</string>
					<key>WRAPPER_EXTENSION</key>
					<string>app</string>
					<key>baseConfigurationReference</key>
					<string>E4EB6923138AFD0F00A09F29</string>
				</dict>
				<key>isa</key>
				<string>XCBuildConfiguration</string>
				<key>name</key>
				<string>Release</string>
			</dict>
			<key>E4B69E1C0A3A1BDC003C02F2</key>
			<dict>
				<key>children</key>
				<array>
					<string>E4B69E1D0A3A1BDC003C02F2</string>
					<string>E4B69E1E0A3A1BDC003C02F2</string>
					<string>E4B69E1F0A3A1BDC003C02F2</string>
					<string>A274B3D652FE09A6819703EA</string>
					<string>839B156D170366180F192CB2</string>
				</array>
				<key>isa</key>
				<string>PBXGroup</string>
				<key>path</key>
				<string>src</string>
				<key>sourceTree</key>
				<string>SOURCE_ROOT</string>
			</dict>
			<key>E4B69E1D0A3A1BDC003C02F2</key>
			<dict>
				<key>fileEncoding</key>
				<string>30</string>
				<key>isa</key>
				<string>PBXFileReference</string>
				<key>lastKnownFileType</key>
				<string>sourcecode.cpp.cpp</string>
				<key>name</key>
				<string>main.cpp</string>
				<key>path</key>
				<string>src/main.cpp</string>
				<key>sourceTree</key>
				<string>SOURCE_ROOT</string>
			</dict>
			<key>E4B69E1E0A3A1BDC003C02F2</key>
			<dict>
				<key>explicitFileType</key>
				<string>sourcecode.cpp.cpp</string>
				<key>fileEncoding</key>
				<string>30</string>
				<key>isa</key>
				<string>PBXFileReference</string>
				<key>name</key>
				<string>ofApp.cpp</string>
				<key>path</key>
				<string>src/ofApp.cpp</string>
				<key>sourceTree</key>
				<string>SOURCE_ROOT</string>
			</dict>
			<key>E4B69E1F0A3A1BDC003C02F2</key>
			<dict>
				<key>fileEncoding</key>
				<string>30</string>
				<key>isa</key>
				<string>PBXFileReference</string>
				<key>lastKnownFileType</key>
				<string>sourcecode.c.h</string>
				<key>name</key>
				<string>ofApp.h</string>
				<key>path</key>
				<string>src/ofApp.h</string>
				<key>sourceTree</key>
				<string>SOURCE_ROOT</string>
			</dict>
			<key>E4B69E200A3A1BDC003C02F2</key>
			<dict>
				<key>fileRef</key>
				<string>E4B69E1D0A3A1BDC003C02F2</string>
				<key>isa</key>
				<string>PBXBuildFile</string>
			</dict>
			<key>E4B69E210A3A1BDC003C02F2</key>
			<dict>
				<key>fileRef</key>
				<string>E4B69E1E0A3A1BDC003C02F2</string>
				<key>isa</key>
				<string>PBXBuildFile</string>
			</dict>
			<key>E4B6FCAD0C3E899E008CF71C</key>
			<dict>
				<key>fileEncoding</key>
				<string>30</string>
				<key>isa</key>
				<string>PBXFileReference</string>
				<key>lastKnownFileType</key>
				<string>text.plist.xml</string>
				<key>path</key>
				<string>openFrameworks-Info.plist</string>
				<key>sourceTree</key>
				<string>&lt;group&gt;</string>
			</dict>
			<key>E4B6FFFD0C3F9AB9008CF71C</key>
			<dict>
				<key>buildActionMask</key>
				<string>2147483647</string>
				<key>files</key>
				<array />
				<key>inputPaths</key>
				<array />
				<key>isa</key>
				<string>PBXShellScriptBuildPhase</string>
				<key>outputPaths</key>
				<array />
				<key>runOnlyForDeploymentPostprocessing</key>
				<string>0</string>
				<key>shellPath</key>
				<string>/bin/sh</string>
				<key>shellScript</key>
				<string>mkdir -p "$TARGET_BUILD_DIR/$PRODUCT_NAME.app/Contents/Resources/"
# Copy default icon file into App/Resources
rsync -aved "$ICON_FILE" "$TARGET_BUILD_DIR/$PRODUCT_NAME.app/Contents/Resources/"
# Copy libfmod and change install directory for fmod to run
rsync -aved ../../../libs/fmodex/lib/osx/libfmodex.dylib "$TARGET_BUILD_DIR/$PRODUCT_NAME.app/Contents/Frameworks/";
install_name_tool -change @executable_path/libfmodex.dylib @executable_path/../Frameworks/libfmodex.dylib "$TARGET_BUILD_DIR/$PRODUCT_NAME.app/Contents/MacOS/$PRODUCT_NAME";

echo "$GCC_PREPROCESSOR_DEFINITIONS";
APPSTORE=`expr "$GCC_PREPROCESSOR_DEFINITIONS" : ".*APPSTORE=\([0-9]*\)"`
if [ -z "${APPSTORE}" ] ; then
echo "Copying GLUT framework";
# Copy GLUT framework (must remove for AppStore submissions)
rsync -aved ../../../libs/glut/lib/osx/GLUT.framework "$TARGET_BUILD_DIR/$PRODUCT_NAME.app/Contents/Frameworks/"
else
echo "Not including GLUT";
fi
</string>
			</dict>
			<key>E4C2427710CC5ABF004149E2</key>
			<dict>
				<key>buildActionMask</key>
				<string>2147483647</string>
				<key>dstPath</key>
				<string />
				<key>dstSubfolderSpec</key>
				<string>10</string>
				<key>files</key>
				<array />
				<key>isa</key>
				<string>PBXCopyFilesBuildPhase</string>
				<key>runOnlyForDeploymentPostprocessing</key>
				<string>0</string>
			</dict>
			<key>E4EB691F138AFCF100A09F29</key>
			<dict>
				<key>fileEncoding</key>
				<string>4</string>
				<key>isa</key>
				<string>PBXFileReference</string>
				<key>lastKnownFileType</key>
				<string>text.xcconfig</string>
				<key>name</key>
				<string>CoreOF.xcconfig</string>
				<key>path</key>
				<string>../../../libs/openFrameworksCompiled/project/osx/CoreOF.xcconfig</string>
				<key>sourceTree</key>
				<string>SOURCE_ROOT</string>
			</dict>
			<key>E4EB6923138AFD0F00A09F29</key>
			<dict>
				<key>fileEncoding</key>
				<string>4</string>
				<key>isa</key>
				<string>PBXFileReference</string>
				<key>lastKnownFileType</key>
				<string>text.xcconfig</string>
				<key>path</key>
				<string>Project.xcconfig</string>
				<key>sourceTree</key>
				<string>&lt;group&gt;</string>
			</dict>
			<key>E4EEB9AB138B136A00A80321</key>
			<dict>
				<key>containerPortal</key>
				<string>E4328143138ABC890047C5CB</string>
				<key>isa</key>
				<string>PBXContainerItemProxy</string>
				<key>proxyType</key>
				<string>1</string>
				<key>remoteGlobalIDString</key>
				<string>E4B27C1410CBEB8E00536013</string>
				<key>remoteInfo</key>
				<string>openFrameworks</string>
			</dict>
			<key>E4EEB9AC138B136A00A80321</key>
			<dict>
				<key>isa</key>
				<string>PBXTargetDependency</string>
				<key>name</key>
				<string>openFrameworks</string>
				<key>targetProxy</key>
				<string>E4EEB9AB138B136A00A80321</string>
			</dict>
			<key>E4EEC9E9138DF44700A80321</key>
			<dict>
				<key>children</key>
				<array>
					<string>E4EB691F138AFCF100A09F29</string>
					<string>E4328143138ABC890047C5CB</string>
				</array>
				<key>isa</key>
				<string>PBXGroup</string>
				<key>name</key>
				<string>openFrameworks</string>
				<key>sourceTree</key>
				<string>&lt;group&gt;</string>
			</dict>
		</dict>
		<key>rootObject</key>
		<string>E4B69B4C0A3A1720003C02F2</string>
	</dict>
</plist>
